
Microsoft Visual Studio Solution File, Format Version 12.00
# Visual Studio Version 17
VisualStudioVersion = 17.13.35931.197 d17.13
MinimumVisualStudioVersion = 10.0.40219.1
Project("{FAE04EC0-301F-11D3-BF4B-00C04F79EFBC}") = "RogueLikeCSharp", "RogueLikeCSharp\RogueLikeCSharp.csproj", "{50F38DD1-AE91-4EFD-A713-B1E687AC62F6}"
EndProject
Global
	GlobalSection(SolutionConfigurationPlatforms) = preSolution
		Debug|Any CPU = Debug|Any CPU
		Release|Any CPU = Release|Any CPU
	EndGlobalSection
	GlobalSection(ProjectConfigurationPlatforms) = postSolution
		{50F38DD1-AE91-4EFD-A713-B1E687AC62F6}.Debug|Any CPU.ActiveCfg = Debug|Any CPU
		{50F38DD1-AE91-4EFD-A713-B1E687AC62F6}.Debug|Any CPU.Build.0 = Debug|Any CPU
		{50F38DD1-AE91-4EFD-A713-B1E687AC62F6}.Release|Any CPU.ActiveCfg = Release|Any CPU
		{50F38DD1-AE91-4EFD-A713-B1E687AC62F6}.Release|Any CPU.Build.0 = Release|Any CPU
	EndGlobalSection
	GlobalSection(SolutionProperties) = preSolution
		HideSolutionNode = FALSE
	EndGlobalSection
	GlobalSection(ExtensibilityGlobals) = postSolution
		SolutionGuid = {D9C68046-A033-4FBF-A4F1-9CEF679DB607}
	EndGlobalSection
EndGlobal
